
Microsoft Visual Studio Solution File, Format Version 12.00
# Visual Studio Version 18
VisualStudioVersion = 18.0.11109.219
MinimumVisualStudioVersion = 10.0.40219.1
Project("{2150E333-8FDC-42A3-9474-1A3956D46DE8}") = "0 - Testes", "0 - Testes", "{02EA681E-C7D8-13C7-8484-4AC65E1B71E8}"
EndProject
Project("{2150E333-8FDC-42A3-9474-1A3956D46DE8}") = "TestesIntegracao", "TestesIntegracao", "{BBDD3415-79FF-48F5-A3B3-45815979627E}"
EndProject
Project("{2150E333-8FDC-42A3-9474-1A3956D46DE8}") = "TestesUnitarios", "TestesUnitarios", "{9BEE6199-A466-4F5B-B4FF-C6F5B7EB213E}"
EndProject
Project("{FAE04EC0-301F-11D3-BF4B-00C04F79EFBC}") = "Testes.API", "Testes.API\Testes.API.csproj", "{85275944-1902-4F6A-AD37-B090497B8C0A}"
EndProject
Project("{FAE04EC0-301F-11D3-BF4B-00C04F79EFBC}") = "Testes.InfraEstrutura", "Testes.InfraEstrutura\Testes.InfraEstrutura.csproj", "{C86D4C8A-7A99-40CE-B9D4-16618F9CC99A}"
EndProject
Project("{FAE04EC0-301F-11D3-BF4B-00C04F79EFBC}") = "Testes.Dominio", "Testes.Dominio\Testes.Dominio.csproj", "{5037963C-2904-4B0B-8165-8D5D28A04AE9}"
EndProject
Project("{FAE04EC0-301F-11D3-BF4B-00C04F79EFBC}") = "Testes.Aplicacao", "Testes.Aplicacao\Testes.Aplicacao.csproj", "{A4D49C2C-3361-46A1-B856-B3D54BC8ED49}"
EndProject
Project("{2150E333-8FDC-42A3-9474-1A3956D46DE8}") = "1 - API", "1 - API", "{3A4ACFF8-3CCF-4547-A5B7-F9D601602BA1}"
EndProject
Project("{2150E333-8FDC-42A3-9474-1A3956D46DE8}") = "Controllers", "Controllers", "{7404D425-EEF7-43F0-B018-646493233A98}"
EndProject
Project("{FAE04EC0-301F-11D3-BF4B-00C04F79EFBC}") = "Web.API", "Web.API\Web.API.csproj", "{DA8A5BBA-0635-4453-8D19-4A6BBEB9B837}"
EndProject
Project("{2150E333-8FDC-42A3-9474-1A3956D46DE8}") = "Dtos.API", "Dtos.API", "{8438F2F8-4762-41DD-9242-30F3CA31BC4A}"
EndProject
Project("{2150E333-8FDC-42A3-9474-1A3956D46DE8}") = "Pessoas", "Pessoas", "{BAF6C019-F801-481B-8919-B97D62667429}"
EndProject
Project("{2150E333-8FDC-42A3-9474-1A3956D46DE8}") = "Aniversariantes", "Aniversariantes", "{30090D38-9B44-48A5-B1FD-09CE62CA5DDD}"
EndProject
Project("{2150E333-8FDC-42A3-9474-1A3956D46DE8}") = "2 - Dominio", "2 - Dominio", "{28096D47-59A3-4575-A810-F41B0CB28BF2}"
EndProject
Project("{FAE04EC0-301F-11D3-BF4B-00C04F79EFBC}") = "Dominio", "Dominio\Dominio.csproj", "{D6C19239-AFC3-47BF-BCBB-ACDC41ABF596}"
EndProject
Project("{2150E333-8FDC-42A3-9474-1A3956D46DE8}") = "3 - Aplicacao", "3 - Aplicacao", "{F71DF7B7-29AC-4A82-884A-4D5F24EDDA74}"
EndProject
Project("{FAE04EC0-301F-11D3-BF4B-00C04F79EFBC}") = "Aplicacao", "Aplicacao\Aplicacao.csproj", "{C0076F3A-A244-4F7A-BEFE-709E48AB7B9F}"
EndProject
Project("{2150E333-8FDC-42A3-9474-1A3956D46DE8}") = "4 - Infraestrutura", "4 - Infraestrutura", "{AAAC0D02-3F03-4170-8485-A93BFACF5A77}"
EndProject
Project("{FAE04EC0-301F-11D3-BF4B-00C04F79EFBC}") = "Infraestrutura", "Infraestrutura\Infraestrutura.csproj", "{931F20F6-2C13-443D-8398-81BD6A6D2578}"
EndProject
Global
	GlobalSection(SolutionConfigurationPlatforms) = preSolution
		Debug|Any CPU = Debug|Any CPU
		Release|Any CPU = Release|Any CPU
	EndGlobalSection
	GlobalSection(ProjectConfigurationPlatforms) = postSolution
		{85275944-1902-4F6A-AD37-B090497B8C0A}.Debug|Any CPU.ActiveCfg = Debug|Any CPU
		{85275944-1902-4F6A-AD37-B090497B8C0A}.Debug|Any CPU.Build.0 = Debug|Any CPU
		{85275944-1902-4F6A-AD37-B090497B8C0A}.Release|Any CPU.ActiveCfg = Release|Any CPU
		{85275944-1902-4F6A-AD37-B090497B8C0A}.Release|Any CPU.Build.0 = Release|Any CPU
		{C86D4C8A-7A99-40CE-B9D4-16618F9CC99A}.Debug|Any CPU.ActiveCfg = Debug|Any CPU
		{C86D4C8A-7A99-40CE-B9D4-16618F9CC99A}.Debug|Any CPU.Build.0 = Debug|Any CPU
		{C86D4C8A-7A99-40CE-B9D4-16618F9CC99A}.Release|Any CPU.ActiveCfg = Release|Any CPU
		{C86D4C8A-7A99-40CE-B9D4-16618F9CC99A}.Release|Any CPU.Build.0 = Release|Any CPU
		{5037963C-2904-4B0B-8165-8D5D28A04AE9}.Debug|Any CPU.ActiveCfg = Debug|Any CPU
		{5037963C-2904-4B0B-8165-8D5D28A04AE9}.Debug|Any CPU.Build.0 = Debug|Any CPU
		{5037963C-2904-4B0B-8165-8D5D28A04AE9}.Release|Any CPU.ActiveCfg = Release|Any CPU
		{5037963C-2904-4B0B-8165-8D5D28A04AE9}.Release|Any CPU.Build.0 = Release|Any CPU
		{A4D49C2C-3361-46A1-B856-B3D54BC8ED49}.Debug|Any CPU.ActiveCfg = Debug|Any CPU
		{A4D49C2C-3361-46A1-B856-B3D54BC8ED49}.Debug|Any CPU.Build.0 = Debug|Any CPU
		{A4D49C2C-3361-46A1-B856-B3D54BC8ED49}.Release|Any CPU.ActiveCfg = Release|Any CPU
		{A4D49C2C-3361-46A1-B856-B3D54BC8ED49}.Release|Any CPU.Build.0 = Release|Any CPU
		{DA8A5BBA-0635-4453-8D19-4A6BBEB9B837}.Debug|Any CPU.ActiveCfg = Debug|Any CPU
		{DA8A5BBA-0635-4453-8D19-4A6BBEB9B837}.Debug|Any CPU.Build.0 = Debug|Any CPU
		{DA8A5BBA-0635-4453-8D19-4A6BBEB9B837}.Release|Any CPU.ActiveCfg = Release|Any CPU
		{DA8A5BBA-0635-4453-8D19-4A6BBEB9B837}.Release|Any CPU.Build.0 = Release|Any CPU
		{D6C19239-AFC3-47BF-BCBB-ACDC41ABF596}.Debug|Any CPU.ActiveCfg = Debug|Any CPU
		{D6C19239-AFC3-47BF-BCBB-ACDC41ABF596}.Debug|Any CPU.Build.0 = Debug|Any CPU
		{D6C19239-AFC3-47BF-BCBB-ACDC41ABF596}.Release|Any CPU.ActiveCfg = Release|Any CPU
		{D6C19239-AFC3-47BF-BCBB-ACDC41ABF596}.Release|Any CPU.Build.0 = Release|Any CPU
		{C0076F3A-A244-4F7A-BEFE-709E48AB7B9F}.Debug|Any CPU.ActiveCfg = Debug|Any CPU
		{C0076F3A-A244-4F7A-BEFE-709E48AB7B9F}.Debug|Any CPU.Build.0 = Debug|Any CPU
		{C0076F3A-A244-4F7A-BEFE-709E48AB7B9F}.Release|Any CPU.ActiveCfg = Release|Any CPU
		{C0076F3A-A244-4F7A-BEFE-709E48AB7B9F}.Release|Any CPU.Build.0 = Release|Any CPU
		{931F20F6-2C13-443D-8398-81BD6A6D2578}.Debug|Any CPU.ActiveCfg = Debug|Any CPU
		{931F20F6-2C13-443D-8398-81BD6A6D2578}.Debug|Any CPU.Build.0 = Debug|Any CPU
		{931F20F6-2C13-443D-8398-81BD6A6D2578}.Release|Any CPU.ActiveCfg = Release|Any CPU
		{931F20F6-2C13-443D-8398-81BD6A6D2578}.Release|Any CPU.Build.0 = Release|Any CPU
	EndGlobalSection
	GlobalSection(SolutionProperties) = preSolution
		HideSolutionNode = FALSE
	EndGlobalSection
	GlobalSection(NestedProjects) = preSolution
		{BBDD3415-79FF-48F5-A3B3-45815979627E} = {02EA681E-C7D8-13C7-8484-4AC65E1B71E8}
		{9BEE6199-A466-4F5B-B4FF-C6F5B7EB213E} = {02EA681E-C7D8-13C7-8484-4AC65E1B71E8}
		{85275944-1902-4F6A-AD37-B090497B8C0A} = {BBDD3415-79FF-48F5-A3B3-45815979627E}
		{C86D4C8A-7A99-40CE-B9D4-16618F9CC99A} = {BBDD3415-79FF-48F5-A3B3-45815979627E}
		{5037963C-2904-4B0B-8165-8D5D28A04AE9} = {9BEE6199-A466-4F5B-B4FF-C6F5B7EB213E}
		{A4D49C2C-3361-46A1-B856-B3D54BC8ED49} = {9BEE6199-A466-4F5B-B4FF-C6F5B7EB213E}
		{7404D425-EEF7-43F0-B018-646493233A98} = {3A4ACFF8-3CCF-4547-A5B7-F9D601602BA1}
		{DA8A5BBA-0635-4453-8D19-4A6BBEB9B837} = {7404D425-EEF7-43F0-B018-646493233A98}
		{8438F2F8-4762-41DD-9242-30F3CA31BC4A} = {3A4ACFF8-3CCF-4547-A5B7-F9D601602BA1}
		{BAF6C019-F801-481B-8919-B97D62667429} = {8438F2F8-4762-41DD-9242-30F3CA31BC4A}
		{30090D38-9B44-48A5-B1FD-09CE62CA5DDD} = {8438F2F8-4762-41DD-9242-30F3CA31BC4A}
		{D6C19239-AFC3-47BF-BCBB-ACDC41ABF596} = {28096D47-59A3-4575-A810-F41B0CB28BF2}
		{C0076F3A-A244-4F7A-BEFE-709E48AB7B9F} = {F71DF7B7-29AC-4A82-884A-4D5F24EDDA74}
		{931F20F6-2C13-443D-8398-81BD6A6D2578} = {AAAC0D02-3F03-4170-8485-A93BFACF5A77}
	EndGlobalSection
	GlobalSection(ExtensibilityGlobals) = postSolution
		SolutionGuid = {B4E4EDCE-2EF8-4C25-8A05-C7093596AB86}
	EndGlobalSection
EndGlobal
